
Microsoft Visual Studio Solution File, Format Version 12.00
# Visual Studio 15
VisualStudioVersion = 15.0.28307.421
MinimumVisualStudioVersion = 10.0.40219.1
Project("{FAE04EC0-301F-11D3-BF4B-00C04F79EFBC}") = "ClientProxy-P4-041_Form", "ClientProxy-P4-041_Form\ClientProxy-P4-041_Form.csproj", "{EC81B947-0166-4EAC-A00C-5BECBA47D1D0}"
EndProject
Global
	GlobalSection(SolutionConfigurationPlatforms) = preSolution
		Debug|Any CPU = Debug|Any CPU
		Release|Any CPU = Release|Any CPU
	EndGlobalSection
	GlobalSection(ProjectConfigurationPlatforms) = postSolution
		{EC81B947-0166-4EAC-A00C-5BECBA47D1D0}.Debug|Any CPU.ActiveCfg = Debug|Any CPU
		{EC81B947-0166-4EAC-A00C-5BECBA47D1D0}.Debug|Any CPU.Build.0 = Debug|Any CPU
		{EC81B947-0166-4EAC-A00C-5BECBA47D1D0}.Release|Any CPU.ActiveCfg = Release|Any CPU
		{EC81B947-0166-4EAC-A00C-5BECBA47D1D0}.Release|Any CPU.Build.0 = Release|Any CPU
	EndGlobalSection
	GlobalSection(SolutionProperties) = preSolution
		HideSolutionNode = FALSE
	EndGlobalSection
	GlobalSection(ExtensibilityGlobals) = postSolution
		SolutionGuid = {CEE22C1F-2645-402F-9F27-FA06BE1DC4C2}
	EndGlobalSection
EndGlobal
